PODS:
  - AlertToast (1.3.7)
  - BottomSheet (1.0.6)
  - CalendarKit (1.0.13)

DEPENDENCIES:
  - AlertToast
  - BottomSheet (from `https://github.com/weitieda/bottom-sheet.git`)
  - CalendarKit

SPEC REPOS:
  trunk:
    - AlertToast
    - CalendarKit

EXTERNAL SOURCES:
  BottomSheet:
    :git: https://github.com/weitieda/bottom-sheet.git

CHECKOUT OPTIONS:
  BottomSheet:
    :commit: 98e2ae0b47875faef28e181cf968b9645f7678af
    :git: https://github.com/weitieda/bottom-sheet.git

SPEC CHECKSUMS:
  AlertToast: 8c9d5efb2df6ea728b32b62bce99d876ec3e5393
  BottomSheet: 0a164143e34470cc332db0ce4e55d6da202d7ac6
  CalendarKit: acdb4933842e580a87b7dce2fa3723ab445a02bd

PODFILE CHECKSUM: f87b5299e9d81eac51676dbf093b6f1d3c4ef4b7

COCOAPODS: 1.8.4
