PODS:
  - CalendarKit (1.0.10)
  - Introspect (0.1.3)
  - ISEmojiView (0.2.6)
  - SwiftUIRefresh (0.0.3):
    - Introspect (~> 0.1.0)
  - ToastUI (2.0.0)

DEPENDENCIES:
  - CalendarKit
  - ISEmojiView
  - SwiftUIRefresh
  - ToastUI

SPEC REPOS:
  trunk:
    - CalendarKit
    - Introspect
    - ISEmojiView
    - SwiftUIRefresh
    - ToastUI

SPEC CHECKSUMS:
  CalendarKit: 4bcc7dcf4a6e558550a46d91db2d23dc1fb608a9
  Introspect: 2be020f30f084ada52bb4387fff83fa52c5c400e
  ISEmojiView: f7cd94a6c93307f429ec5da001293d0b02247f03
  SwiftUIRefresh: ca6ae2718d25aad5dd68bbf5d2ae36ef6ade98bf
  ToastUI: 391eb9a1cc15e7ef4b79ee112e4a0b969259154f

PODFILE CHECKSUM: b95ed950b37d75283524749b812d0624d1ff0ea0

COCOAPODS: 1.8.4
